
Microsoft Visual Studio Solution File, Format Version 12.00
# Visual Studio Version 17
VisualStudioVersion = 17.8.34322.80
MinimumVisualStudioVersion = 10.0.40219.1
Project("{FAE04EC0-301F-11D3-BF4B-00C04F79EFBC}") = "Kirjasto", "Kirjasto.csproj", "{EF682A21-FAA5-43E7-995C-8EA990FFFEE5}"
EndProject
Global
	GlobalSection(SolutionConfigurationPlatforms) = preSolution
		Debug|Any CPU = Debug|Any CPU
		Release|Any CPU = Release|Any CPU
	EndGlobalSection
	GlobalSection(ProjectConfigurationPlatforms) = postSolution
		{EF682A21-FAA5-43E7-995C-8EA990FFFEE5}.Debug|Any CPU.ActiveCfg = Debug|Any CPU
		{EF682A21-FAA5-43E7-995C-8EA990FFFEE5}.Debug|Any CPU.Build.0 = Debug|Any CPU
		{EF682A21-FAA5-43E7-995C-8EA990FFFEE5}.Release|Any CPU.ActiveCfg = Release|Any CPU
		{EF682A21-FAA5-43E7-995C-8EA990FFFEE5}.Release|Any CPU.Build.0 = Release|Any CPU
	EndGlobalSection
	GlobalSection(SolutionProperties) = preSolution
		HideSolutionNode = FALSE
	EndGlobalSection
	GlobalSection(ExtensibilityGlobals) = postSolution
		SolutionGuid = {EB045D0B-5FC1-4191-AA66-881DB8F236A2}
	EndGlobalSection
EndGlobal
